
Microsoft Visual Studio Solution File, Format Version 12.00
# Visual Studio Version 16
VisualStudioVersion = 16.0.31729.503
MinimumVisualStudioVersion = 10.0.40219.1
Project("{9A19103F-16F7-4668-BE54-9A1E7A4F7556}") = "RegistroServidor", "RegistroServidor\RegistroServidor.csproj", "{192C8835-4BC9-40DB-986E-9849580187E2}"
EndProject
Project("{FAE04EC0-301F-11D3-BF4B-00C04F79EFBC}") = "CapaDatos", "CapaDatos\CapaDatos.csproj", "{31FC36C4-5489-4A35-AFF7-DE9F82AB78E0}"
EndProject
Project("{FAE04EC0-301F-11D3-BF4B-00C04F79EFBC}") = "CapaNegocios", "CapaNegocios\CapaNegocios.csproj", "{D8F507D7-BAF6-4ADC-9497-29FDB1582E30}"
EndProject
Global
	GlobalSection(SolutionConfigurationPlatforms) = preSolution
		Debug|Any CPU = Debug|Any CPU
		Release|Any CPU = Release|Any CPU
	EndGlobalSection
	GlobalSection(ProjectConfigurationPlatforms) = postSolution
		{192C8835-4BC9-40DB-986E-9849580187E2}.Debug|Any CPU.ActiveCfg = Debug|Any CPU
		{192C8835-4BC9-40DB-986E-9849580187E2}.Debug|Any CPU.Build.0 = Debug|Any CPU
		{192C8835-4BC9-40DB-986E-9849580187E2}.Release|Any CPU.ActiveCfg = Release|Any CPU
		{192C8835-4BC9-40DB-986E-9849580187E2}.Release|Any CPU.Build.0 = Release|Any CPU
		{31FC36C4-5489-4A35-AFF7-DE9F82AB78E0}.Debug|Any CPU.ActiveCfg = Debug|Any CPU
		{31FC36C4-5489-4A35-AFF7-DE9F82AB78E0}.Debug|Any CPU.Build.0 = Debug|Any CPU
		{31FC36C4-5489-4A35-AFF7-DE9F82AB78E0}.Release|Any CPU.ActiveCfg = Release|Any CPU
		{31FC36C4-5489-4A35-AFF7-DE9F82AB78E0}.Release|Any CPU.Build.0 = Release|Any CPU
		{D8F507D7-BAF6-4ADC-9497-29FDB1582E30}.Debug|Any CPU.ActiveCfg = Debug|Any CPU
		{D8F507D7-BAF6-4ADC-9497-29FDB1582E30}.Debug|Any CPU.Build.0 = Debug|Any CPU
		{D8F507D7-BAF6-4ADC-9497-29FDB1582E30}.Release|Any CPU.ActiveCfg = Release|Any CPU
		{D8F507D7-BAF6-4ADC-9497-29FDB1582E30}.Release|Any CPU.Build.0 = Release|Any CPU
	EndGlobalSection
	GlobalSection(SolutionProperties) = preSolution
		HideSolutionNode = FALSE
	EndGlobalSection
	GlobalSection(ExtensibilityGlobals) = postSolution
		SolutionGuid = {FE0C90D4-3F11-491A-BC02-15801EF49B78}
	EndGlobalSection
EndGlobal
