
Microsoft Visual Studio Solution File, Format Version 12.00
# Visual Studio Version 16
VisualStudioVersion = 16.0.31729.503
MinimumVisualStudioVersion = 10.0.40219.1
Project("{FAE04EC0-301F-11D3-BF4B-00C04F79EFBC}") = "ChatNetwork", "ChatNetwork\ChatNetwork.csproj", "{CBC38CF8-4803-43DB-9E4E-3D3BE1774786}"
EndProject
Global
	GlobalSection(SolutionConfigurationPlatforms) = preSolution
		Debug|Any CPU = Debug|Any CPU
		Release|Any CPU = Release|Any CPU
	EndGlobalSection
	GlobalSection(ProjectConfigurationPlatforms) = postSolution
		{CBC38CF8-4803-43DB-9E4E-3D3BE1774786}.Debug|Any CPU.ActiveCfg = Debug|Any CPU
		{CBC38CF8-4803-43DB-9E4E-3D3BE1774786}.Debug|Any CPU.Build.0 = Debug|Any CPU
		{CBC38CF8-4803-43DB-9E4E-3D3BE1774786}.Release|Any CPU.ActiveCfg = Release|Any CPU
		{CBC38CF8-4803-43DB-9E4E-3D3BE1774786}.Release|Any CPU.Build.0 = Release|Any CPU
	EndGlobalSection
	GlobalSection(SolutionProperties) = preSolution
		HideSolutionNode = FALSE
	EndGlobalSection
	GlobalSection(ExtensibilityGlobals) = postSolution
		SolutionGuid = {1D1528C1-F32C-425C-9831-03B8291A1B47}
	EndGlobalSection
EndGlobal
