
Microsoft Visual Studio Solution File, Format Version 12.00
# Visual Studio Version 16
VisualStudioVersion = 16.0.31729.503
MinimumVisualStudioVersion = 10.0.40219.1
Project("{FAE04EC0-301F-11D3-BF4B-00C04F79EFBC}") = "FWQ_Engine", "FWQ_Engine\FWQ_Engine.csproj", "{D7C0F050-D1CE-4DF6-ADCA-0C0084888B7C}"
EndProject
Global
	GlobalSection(SolutionConfigurationPlatforms) = preSolution
		Debug|Any CPU = Debug|Any CPU
		Release|Any CPU = Release|Any CPU
	EndGlobalSection
	GlobalSection(ProjectConfigurationPlatforms) = postSolution
		{D7C0F050-D1CE-4DF6-ADCA-0C0084888B7C}.Debug|Any CPU.ActiveCfg = Debug|Any CPU
		{D7C0F050-D1CE-4DF6-ADCA-0C0084888B7C}.Debug|Any CPU.Build.0 = Debug|Any CPU
		{D7C0F050-D1CE-4DF6-ADCA-0C0084888B7C}.Release|Any CPU.ActiveCfg = Release|Any CPU
		{D7C0F050-D1CE-4DF6-ADCA-0C0084888B7C}.Release|Any CPU.Build.0 = Release|Any CPU
	EndGlobalSection
	GlobalSection(SolutionProperties) = preSolution
		HideSolutionNode = FALSE
	EndGlobalSection
	GlobalSection(ExtensibilityGlobals) = postSolution
		SolutionGuid = {75687765-81F8-4563-8528-03591C9222BB}
	EndGlobalSection
EndGlobal
